
Microsoft Visual Studio Solution File, Format Version 12.00
# Visual Studio Version 17
VisualStudioVersion = 17.3.32901.215
MinimumVisualStudioVersion = 10.0.40219.1
Project("{FAE04EC0-301F-11D3-BF4B-00C04F79EFBC}") = "StackUsingLinkedList_CSharp", "StackUsingLinkedList_CSharp.csproj", "{5B1C18E3-4BA8-45E2-89F8-82428432BD05}"
EndProject
Global
	GlobalSection(SolutionConfigurationPlatforms) = preSolution
		Debug|Any CPU = Debug|Any CPU
		Release|Any CPU = Release|Any CPU
	EndGlobalSection
	GlobalSection(ProjectConfigurationPlatforms) = postSolution
		{5B1C18E3-4BA8-45E2-89F8-82428432BD05}.Debug|Any CPU.ActiveCfg = Debug|Any CPU
		{5B1C18E3-4BA8-45E2-89F8-82428432BD05}.Debug|Any CPU.Build.0 = Debug|Any CPU
		{5B1C18E3-4BA8-45E2-89F8-82428432BD05}.Release|Any CPU.ActiveCfg = Release|Any CPU
		{5B1C18E3-4BA8-45E2-89F8-82428432BD05}.Release|Any CPU.Build.0 = Release|Any CPU
	EndGlobalSection
	GlobalSection(SolutionProperties) = preSolution
		HideSolutionNode = FALSE
	EndGlobalSection
	GlobalSection(ExtensibilityGlobals) = postSolution
		SolutionGuid = {1B6E9C8A-CF95-462B-ACDA-FB81EF6634CD}
	EndGlobalSection
EndGlobal
